
Microsoft Visual Studio Solution File, Format Version 12.00
# Visual Studio Version 17
VisualStudioVersion = 17.5.002.0
MinimumVisualStudioVersion = 10.0.40219.1
Project("{9A19103F-16F7-4668-BE54-9A1E7A4F7556}") = "QueueWorker", "QueueWorker.csproj", "{F1528745-97A5-4074-B570-BA2FB82766C3}"
EndProject
Global
	GlobalSection(SolutionConfigurationPlatforms) = preSolution
		Debug|Any CPU = Debug|Any CPU
		Release|Any CPU = Release|Any CPU
	EndGlobalSection
	GlobalSection(ProjectConfigurationPlatforms) = postSolution
		{F1528745-97A5-4074-B570-BA2FB82766C3}.Debug|Any CPU.ActiveCfg = Debug|Any CPU
		{F1528745-97A5-4074-B570-BA2FB82766C3}.Debug|Any CPU.Build.0 = Debug|Any CPU
		{F1528745-97A5-4074-B570-BA2FB82766C3}.Release|Any CPU.ActiveCfg = Release|Any CPU
		{F1528745-97A5-4074-B570-BA2FB82766C3}.Release|Any CPU.Build.0 = Release|Any CPU
	EndGlobalSection
	GlobalSection(SolutionProperties) = preSolution
		HideSolutionNode = FALSE
	EndGlobalSection
	GlobalSection(ExtensibilityGlobals) = postSolution
		SolutionGuid = {6D1406C3-A5EB-4A29-8861-FDC78B468AA7}
	EndGlobalSection
EndGlobal
